
Microsoft Visual Studio Solution File, Format Version 12.00
# Visual Studio Version 17
VisualStudioVersion = 17.4.33110.190
MinimumVisualStudioVersion = 10.0.40219.1
Project("{9A19103F-16F7-4668-BE54-9A1E7A4F7556}") = "Sim", "Sim\Sim.csproj", "{080D20EB-5CB7-49E8-8680-8B985840BF1D}"
EndProject
Project("{9A19103F-16F7-4668-BE54-9A1E7A4F7556}") = "Sim Unit Tests", "Sim Unit Tests\Sim Unit Tests.csproj", "{9F89066F-438E-4CCE-BEAE-E4F0B01A2D3C}"
EndProject
Project("{2150E333-8FDC-42A3-9474-1A3956D46DE8}") = "Solution Items", "Solution Items", "{E240A62A-27E7-4723-BC99-FDFC8BB5FC41}"
	ProjectSection(SolutionItems) = preProject
		.editorconfig = .editorconfig
		LICENSE.txt = LICENSE.txt
		README.md = README.md
	EndProjectSection
EndProject
Global
	GlobalSection(SolutionConfigurationPlatforms) = preSolution
		Debug|Any CPU = Debug|Any CPU
		Release|Any CPU = Release|Any CPU
	EndGlobalSection
	GlobalSection(ProjectConfigurationPlatforms) = postSolution
		{080D20EB-5CB7-49E8-8680-8B985840BF1D}.Debug|Any CPU.ActiveCfg = Debug|Any CPU
		{080D20EB-5CB7-49E8-8680-8B985840BF1D}.Debug|Any CPU.Build.0 = Debug|Any CPU
		{080D20EB-5CB7-49E8-8680-8B985840BF1D}.Release|Any CPU.ActiveCfg = Release|Any CPU
		{080D20EB-5CB7-49E8-8680-8B985840BF1D}.Release|Any CPU.Build.0 = Release|Any CPU
		{9F89066F-438E-4CCE-BEAE-E4F0B01A2D3C}.Debug|Any CPU.ActiveCfg = Debug|Any CPU
		{9F89066F-438E-4CCE-BEAE-E4F0B01A2D3C}.Debug|Any CPU.Build.0 = Debug|Any CPU
		{9F89066F-438E-4CCE-BEAE-E4F0B01A2D3C}.Release|Any CPU.ActiveCfg = Release|Any CPU
		{9F89066F-438E-4CCE-BEAE-E4F0B01A2D3C}.Release|Any CPU.Build.0 = Release|Any CPU
	EndGlobalSection
	GlobalSection(SolutionProperties) = preSolution
		HideSolutionNode = FALSE
	EndGlobalSection
	GlobalSection(ExtensibilityGlobals) = postSolution
		SolutionGuid = {818543E0-E2F5-4733-A645-BD65120E0777}
	EndGlobalSection
EndGlobal
